
Microsoft Visual Studio Solution File, Format Version 12.00
# Visual Studio 15
VisualStudioVersion = 15.0.28307.329
MinimumVisualStudioVersion = 10.0.40219.1
Project("{8BC9CEB8-8B4A-11D0-8D11-00A0C91BC942}") = "dota4", "dota4\dota4.vcxproj", "{E86971F8-34AF-4CB2-AEF9-68A0E9BB0621}"
EndProject
Global
	GlobalSection(SolutionConfigurationPlatforms) = preSolution
		Debug|x64 = Debug|x64
		Debug|x86 = Debug|x86
		Release|x64 = Release|x64
		Release|x86 = Release|x86
	EndGlobalSection
	GlobalSection(ProjectConfigurationPlatforms) = postSolution
		{E86971F8-34AF-4CB2-AEF9-68A0E9BB0621}.Debug|x64.ActiveCfg = Debug|x64
		{E86971F8-34AF-4CB2-AEF9-68A0E9BB0621}.Debug|x64.Build.0 = Debug|x64
		{E86971F8-34AF-4CB2-AEF9-68A0E9BB0621}.Debug|x86.ActiveCfg = Debug|Win32
		{E86971F8-34AF-4CB2-AEF9-68A0E9BB0621}.Debug|x86.Build.0 = Debug|Win32
		{E86971F8-34AF-4CB2-AEF9-68A0E9BB0621}.Release|x64.ActiveCfg = Release|x64
		{E86971F8-34AF-4CB2-AEF9-68A0E9BB0621}.Release|x64.Build.0 = Release|x64
		{E86971F8-34AF-4CB2-AEF9-68A0E9BB0621}.Release|x86.ActiveCfg = Release|Win32
		{E86971F8-34AF-4CB2-AEF9-68A0E9BB0621}.Release|x86.Build.0 = Release|Win32
	EndGlobalSection
	GlobalSection(SolutionProperties) = preSolution
		HideSolutionNode = FALSE
	EndGlobalSection
	GlobalSection(ExtensibilityGlobals) = postSolution
		SolutionGuid = {BA7B2459-5D23-45AD-9E44-01F03BE6E824}
	EndGlobalSection
EndGlobal
